
Microsoft Visual Studio Solution File, Format Version 12.00
# Visual Studio Version 16
VisualStudioVersion = 16.0.30717.126
MinimumVisualStudioVersion = 10.0.40219.1
Project("{FAE04EC0-301F-11D3-BF4B-00C04F79EFBC}") = "Part2-Lesson3", "Part2-Lesson3\Part2-Lesson3.csproj", "{CD3E9DDC-3ECB-43EF-8727-7907878F4CED}"
EndProject
Global
	GlobalSection(SolutionConfigurationPlatforms) = preSolution
		Debug|Any CPU = Debug|Any CPU
		Release|Any CPU = Release|Any CPU
	EndGlobalSection
	GlobalSection(ProjectConfigurationPlatforms) = postSolution
		{CD3E9DDC-3ECB-43EF-8727-7907878F4CED}.Debug|Any CPU.ActiveCfg = Debug|Any CPU
		{CD3E9DDC-3ECB-43EF-8727-7907878F4CED}.Debug|Any CPU.Build.0 = Debug|Any CPU
		{CD3E9DDC-3ECB-43EF-8727-7907878F4CED}.Release|Any CPU.ActiveCfg = Release|Any CPU
		{CD3E9DDC-3ECB-43EF-8727-7907878F4CED}.Release|Any CPU.Build.0 = Release|Any CPU
	EndGlobalSection
	GlobalSection(SolutionProperties) = preSolution
		HideSolutionNode = FALSE
	EndGlobalSection
	GlobalSection(ExtensibilityGlobals) = postSolution
		SolutionGuid = {98F54AF1-4492-4875-9082-A0582FD9FBEE}
	EndGlobalSection
EndGlobal
