
Microsoft Visual Studio Solution File, Format Version 12.00
# Visual Studio Version 16
VisualStudioVersion = 16.0.30717.126
MinimumVisualStudioVersion = 10.0.40219.1
Project("{FAE04EC0-301F-11D3-BF4B-00C04F79EFBC}") = "Lesson2-1", "Lesson2-1\Lesson2-1.csproj", "{0B8A2151-52F7-4670-A3B2-1A475D7DD450}"
EndProject
Project("{FAE04EC0-301F-11D3-BF4B-00C04F79EFBC}") = "Lesson2-1-2", "Lesson2-1-2\Lesson2-1-2.csproj", "{EAF39EC5-171F-429E-99A8-5282EFDCACC6}"
EndProject
Global
	GlobalSection(SolutionConfigurationPlatforms) = preSolution
		Debug|Any CPU = Debug|Any CPU
		Release|Any CPU = Release|Any CPU
	EndGlobalSection
	GlobalSection(ProjectConfigurationPlatforms) = postSolution
		{0B8A2151-52F7-4670-A3B2-1A475D7DD450}.Debug|Any CPU.ActiveCfg = Debug|Any CPU
		{0B8A2151-52F7-4670-A3B2-1A475D7DD450}.Debug|Any CPU.Build.0 = Debug|Any CPU
		{0B8A2151-52F7-4670-A3B2-1A475D7DD450}.Release|Any CPU.ActiveCfg = Release|Any CPU
		{0B8A2151-52F7-4670-A3B2-1A475D7DD450}.Release|Any CPU.Build.0 = Release|Any CPU
		{EAF39EC5-171F-429E-99A8-5282EFDCACC6}.Debug|Any CPU.ActiveCfg = Debug|Any CPU
		{EAF39EC5-171F-429E-99A8-5282EFDCACC6}.Debug|Any CPU.Build.0 = Debug|Any CPU
		{EAF39EC5-171F-429E-99A8-5282EFDCACC6}.Release|Any CPU.ActiveCfg = Release|Any CPU
		{EAF39EC5-171F-429E-99A8-5282EFDCACC6}.Release|Any CPU.Build.0 = Release|Any CPU
	EndGlobalSection
	GlobalSection(SolutionProperties) = preSolution
		HideSolutionNode = FALSE
	EndGlobalSection
	GlobalSection(ExtensibilityGlobals) = postSolution
		SolutionGuid = {1FBFEBCA-C732-412C-B735-18E13587934F}
	EndGlobalSection
EndGlobal
